// !$*UTF8*$!
{
	archiveVersion = 1;
	classes = {
	};
	objectVersion = 50;
	objects = {

/* Begin PBXBuildFile section */
		0A62A9332511D3A800424A09 /* ResultViewController.swift in Sources */ = {isa = PBXBuildFile; fileRef = 0A62A9322511D3A800424A09 /* ResultViewController.swift */; };
		1E18B666250DE08F005FD7AD /* AppDelegate.swift in Sources */ = {isa = PBXBuildFile; fileRef = 1E18B665250DE08F005FD7AD /* AppDelegate.swift */; };
		1E18B668250DE08F005FD7AD /* SceneDelegate.swift in Sources */ = {isa = PBXBuildFile; fileRef = 1E18B667250DE08F005FD7AD /* SceneDelegate.swift */; };
		1E18B66A250DE08F005FD7AD /* TopPageController.swift in Sources */ = {isa = PBXBuildFile; fileRef = 1E18B669250DE08F005FD7AD /* TopPageController.swift */; };
		1E18B66D250DE08F005FD7AD /* Main.storyboard in Resources */ = {isa = PBXBuildFile; fileRef = 1E18B66B250DE08F005FD7AD /* Main.storyboard */; };
		1E18B66F250DE093005FD7AD /* Assets.xcassets in Resources */ = {isa = PBXBuildFile; fileRef = 1E18B66E250DE093005FD7AD /* Assets.xcassets */; };
		1E18B672250DE093005FD7AD /* LaunchScreen.storyboard in Resources */ = {isa = PBXBuildFile; fileRef = 1E18B670250DE093005FD7AD /* LaunchScreen.storyboard */; };
		1E18B67D250DE093005FD7AD /* ConvertNumbersTests.swift in Sources */ = {isa = PBXBuildFile; fileRef = 1E18B67C250DE093005FD7AD /* ConvertNumbersTests.swift */; };
		1E18B688250DE093005FD7AD /* ConvertNumbersUITests.swift in Sources */ = {isa = PBXBuildFile; fileRef = 1E18B687250DE093005FD7AD /* ConvertNumbersUITests.swift */; };
		1E18B6A4250EFAC3005FD7AD /* PlaySound.swift in Sources */ = {isa = PBXBuildFile; fileRef = 1E18B6A3250EFAC3005FD7AD /* PlaySound.swift */; };
		1E18B6A8250F025E005FD7AD /* PlayMovie.swift in Sources */ = {isa = PBXBuildFile; fileRef = 1E18B6A7250F025E005FD7AD /* PlayMovie.swift */; };
		1E18B6AA250F3518005FD7AD /* MenuViewController.swift in Sources */ = {isa = PBXBuildFile; fileRef = 1E18B6A9250F3517005FD7AD /* MenuViewController.swift */; };
		1E18B6AC250F5F7B005FD7AD /* QuizBrain.swift in Sources */ = {isa = PBXBuildFile; fileRef = 1E18B6AB250F5F7B005FD7AD /* QuizBrain.swift */; };
		1EE78C062511445400077DA7 /* gamingMusic.mp3 in Resources */ = {isa = PBXBuildFile; fileRef = 1EE78C042511445300077DA7 /* gamingMusic.mp3 */; };
		1EE78C072511445400077DA7 /* topMusic.mp3 in Resources */ = {isa = PBXBuildFile; fileRef = 1EE78C052511445400077DA7 /* topMusic.mp3 */; };
		1EE78C092511447600077DA7 /* code_cascade.mp4 in Resources */ = {isa = PBXBuildFile; fileRef = 1EE78C082511447600077DA7 /* code_cascade.mp4 */; };
		1EE78C0B251159B200077DA7 /* ViewUtility.swift in Sources */ = {isa = PBXBuildFile; fileRef = 1EE78C0A251159B200077DA7 /* ViewUtility.swift */; };
		1EE78C0F2511A6EA00077DA7 /* Wallpoet-Regular.ttf in Resources */ = {isa = PBXBuildFile; fileRef = 1EE78C0E2511A6EA00077DA7 /* Wallpoet-Regular.ttf */; };
/* End PBXBuildFile section */

/* Begin PBXContainerItemProxy section */
		1E18B679250DE093005FD7AD /* PBXContainerItemProxy */ = {
			isa = PBXContainerItemProxy;
			containerPortal = 1E18B65A250DE08F005FD7AD /* Project object */;
			proxyType = 1;
			remoteGlobalIDString = 1E18B661250DE08F005FD7AD;
			remoteInfo = ConvertNumbers;
		};
		1E18B684250DE093005FD7AD /* PBXContainerItemProxy */ = {
			isa = PBXContainerItemProxy;
			containerPortal = 1E18B65A250DE08F005FD7AD /* Project object */;
			proxyType = 1;
			remoteGlobalIDString = 1E18B661250DE08F005FD7AD;
			remoteInfo = ConvertNumbers;
		};
/* End PBXContainerItemProxy section */

/* Begin PBXFileReference section */
		0A62A9322511D3A800424A09 /* ResultViewController.swift */ = {isa = PBXFileReference; lastKnownFileType = sourcecode.swift; path = ResultViewController.swift; sourceTree = "<group>"; };
		1E18B662250DE08F005FD7AD /* ConvertNumbers.app */ = {isa = PBXFileReference; explicitFileType = wrapper.application; includeInIndex = 0; path = ConvertNumbers.app; sourceTree = BUILT_PRODUCTS_DIR; };
		1E18B665250DE08F005FD7AD /* AppDelegate.swift */ = {isa = PBXFileReference; lastKnownFileType = sourcecode.swift; path = AppDelegate.swift; sourceTree = "<group>"; };
		1E18B667250DE08F005FD7AD /* SceneDelegate.swift */ = {isa = PBXFileReference; lastKnownFileType = sourcecode.swift; path = SceneDelegate.swift; sourceTree = "<group>"; };
		1E18B669250DE08F005FD7AD /* TopPageController.swift */ = {isa = PBXFileReference; lastKnownFileType = sourcecode.swift; path = TopPageController.swift; sourceTree = "<group>"; };
		1E18B66C250DE08F005FD7AD /* Base */ = {isa = PBXFileReference; lastKnownFileType = file.storyboard; name = Base; path = Base.lproj/Main.storyboard; sourceTree = "<group>"; };
		1E18B66E250DE093005FD7AD /* Assets.xcassets */ = {isa = PBXFileReference; lastKnownFileType = folder.assetcatalog; path = Assets.xcassets; sourceTree = "<group>"; };
		1E18B671250DE093005FD7AD /* Base */ = {isa = PBXFileReference; lastKnownFileType = file.storyboard; name = Base; path = Base.lproj/LaunchScreen.storyboard; sourceTree = "<group>"; };
		1E18B673250DE093005FD7AD /* Info.plist */ = {isa = PBXFileReference; lastKnownFileType = text.plist.xml; path = Info.plist; sourceTree = "<group>"; };
		1E18B678250DE093005FD7AD /* ConvertNumbersTests.xctest */ = {isa = PBXFileReference; explicitFileType = wrapper.cfbundle; includeInIndex = 0; path = ConvertNumbersTests.xctest; sourceTree = BUILT_PRODUCTS_DIR; };
		1E18B67C250DE093005FD7AD /* ConvertNumbersTests.swift */ = {isa = PBXFileReference; lastKnownFileType = sourcecode.swift; path = ConvertNumbersTests.swift; sourceTree = "<group>"; };
		1E18B67E250DE093005FD7AD /* Info.plist */ = {isa = PBXFileReference; lastKnownFileType = text.plist.xml; path = Info.plist; sourceTree = "<group>"; };
		1E18B683250DE093005FD7AD /* ConvertNumbersUITests.xctest */ = {isa = PBXFileReference; explicitFileType = wrapper.cfbundle; includeInIndex = 0; path = ConvertNumbersUITests.xctest; sourceTree = BUILT_PRODUCTS_DIR; };
		1E18B687250DE093005FD7AD /* ConvertNumbersUITests.swift */ = {isa = PBXFileReference; lastKnownFileType = sourcecode.swift; path = ConvertNumbersUITests.swift; sourceTree = "<group>"; };
		1E18B689250DE093005FD7AD /* Info.plist */ = {isa = PBXFileReference; lastKnownFileType = text.plist.xml; path = Info.plist; sourceTree = "<group>"; };
		1E18B6A3250EFAC3005FD7AD /* PlaySound.swift */ = {isa = PBXFileReference; lastKnownFileType = sourcecode.swift; path = PlaySound.swift; sourceTree = "<group>"; };
		1E18B6A7250F025E005FD7AD /* PlayMovie.swift */ = {isa = PBXFileReference; lastKnownFileType = sourcecode.swift; path = PlayMovie.swift; sourceTree = "<group>"; };
		1E18B6A9250F3517005FD7AD /* MenuViewController.swift */ = {isa = PBXFileReference; lastKnownFileType = sourcecode.swift; path = MenuViewController.swift; sourceTree = "<group>"; };
		1E18B6AB250F5F7B005FD7AD /* QuizBrain.swift */ = {isa = PBXFileReference; lastKnownFileType = sourcecode.swift; path = QuizBrain.swift; sourceTree = "<group>"; };
		1EE78C042511445300077DA7 /* gamingMusic.mp3 */ = {isa = PBXFileReference; lastKnownFileType = audio.mp3; path = gamingMusic.mp3; sourceTree = "<group>"; };
		1EE78C052511445400077DA7 /* topMusic.mp3 */ = {isa = PBXFileReference; lastKnownFileType = audio.mp3; path = topMusic.mp3; sourceTree = "<group>"; };
		1EE78C082511447600077DA7 /* code_cascade.mp4 */ = {isa = PBXFileReference; lastKnownFileType = file; path = code_cascade.mp4; sourceTree = "<group>"; };
		1EE78C0A251159B200077DA7 /* ViewUtility.swift */ = {isa = PBXFileReference; lastKnownFileType = sourcecode.swift; path = ViewUtility.swift; sourceTree = "<group>"; };
		1EE78C0E2511A6EA00077DA7 /* Wallpoet-Regular.ttf */ = {isa = PBXFileReference; lastKnownFileType = file; path = "Wallpoet-Regular.ttf"; sourceTree = "<group>"; };
/* End PBXFileReference section */

/* Begin PBXFrameworksBuildPhase section */
		1E18B65F250DE08F005FD7AD /* Frameworks */ = {
			isa = PBXFrameworksBuildPhase;
			buildActionMask = 2147483647;
			files = (
			);
			runOnlyForDeploymentPostprocessing = 0;
		};
		1E18B675250DE093005FD7AD /* Frameworks */ = {
			isa = PBXFrameworksBuildPhase;
			buildActionMask = 2147483647;
			files = (
			);
			runOnlyForDeploymentPostprocessing = 0;
		};
		1E18B680250DE093005FD7AD /* Frameworks */ = {
			isa = PBXFrameworksBuildPhase;
			buildActionMask = 2147483647;
			files = (
			);
			runOnlyForDeploymentPostprocessing = 0;
		};
/* End PBXFrameworksBuildPhase section */

/* Begin PBXGroup section */
		1E18B659250DE08F005FD7AD = {
			isa = PBXGroup;
			children = (
				1E18B664250DE08F005FD7AD /* ConvertNumbers */,
				1E18B67B250DE093005FD7AD /* ConvertNumbersTests */,
				1E18B686250DE093005FD7AD /* ConvertNumbersUITests */,
				1E18B663250DE08F005FD7AD /* Products */,
			);
			sourceTree = "<group>";
		};
		1E18B663250DE08F005FD7AD /* Products */ = {
			isa = PBXGroup;
			children = (
				1E18B662250DE08F005FD7AD /* ConvertNumbers.app */,
				1E18B678250DE093005FD7AD /* ConvertNumbersTests.xctest */,
				1E18B683250DE093005FD7AD /* ConvertNumbersUITests.xctest */,
			);
			name = Products;
			sourceTree = "<group>";
		};
		1E18B664250DE08F005FD7AD /* ConvertNumbers */ = {
			isa = PBXGroup;
			children = (
				1EE78C0E2511A6EA00077DA7 /* Wallpoet-Regular.ttf */,
				1E18B69D250EFA64005FD7AD /* Movie */,
				1E18B69C250EFA52005FD7AD /* Sounds */,
				1E18B69B250EFA39005FD7AD /* View */,
				1E18B69A250EFA31005FD7AD /* Model */,
				1E18B699250EFA19005FD7AD /* Controller */,
				1E18B665250DE08F005FD7AD /* AppDelegate.swift */,
				1E18B667250DE08F005FD7AD /* SceneDelegate.swift */,
				1E18B66E250DE093005FD7AD /* Assets.xcassets */,
				1E18B670250DE093005FD7AD /* LaunchScreen.storyboard */,
				1E18B673250DE093005FD7AD /* Info.plist */,
			);
			path = ConvertNumbers;
			sourceTree = "<group>";
		};
		1E18B67B250DE093005FD7AD /* ConvertNumbersTests */ = {
			isa = PBXGroup;
			children = (
				1E18B67C250DE093005FD7AD /* ConvertNumbersTests.swift */,
				1E18B67E250DE093005FD7AD /* Info.plist */,
			);
			path = ConvertNumbersTests;
			sourceTree = "<group>";
		};
		1E18B686250DE093005FD7AD /* ConvertNumbersUITests */ = {
			isa = PBXGroup;
			children = (
				1E18B687250DE093005FD7AD /* ConvertNumbersUITests.swift */,
				1E18B689250DE093005FD7AD /* Info.plist */,
			);
			path = ConvertNumbersUITests;
			sourceTree = "<group>";
		};
		1E18B699250EFA19005FD7AD /* Controller */ = {
			isa = PBXGroup;
			children = (
				1E18B669250DE08F005FD7AD /* TopPageController.swift */,
				1E18B6A9250F3517005FD7AD /* MenuViewController.swift */,
				0A62A9322511D3A800424A09 /* ResultViewController.swift */,
			);
			path = Controller;
			sourceTree = "<group>";
		};
		1E18B69A250EFA31005FD7AD /* Model */ = {
			isa = PBXGroup;
			children = (
				1E18B6A3250EFAC3005FD7AD /* PlaySound.swift */,
				1E18B6A7250F025E005FD7AD /* PlayMovie.swift */,
				1E18B6AB250F5F7B005FD7AD /* QuizBrain.swift */,
			);
			path = Model;
			sourceTree = "<group>";
		};
		1E18B69B250EFA39005FD7AD /* View */ = {
			isa = PBXGroup;
			children = (
				1E18B66B250DE08F005FD7AD /* Main.storyboard */,
				1EE78C0A251159B200077DA7 /* ViewUtility.swift */,
			);
			path = View;
			sourceTree = "<group>";
		};
		1E18B69C250EFA52005FD7AD /* Sounds */ = {
			isa = PBXGroup;
			children = (
				1EE78C042511445300077DA7 /* gamingMusic.mp3 */,
				1EE78C052511445400077DA7 /* topMusic.mp3 */,
			);
			path = Sounds;
			sourceTree = "<group>";
		};
		1E18B69D250EFA64005FD7AD /* Movie */ = {
			isa = PBXGroup;
			children = (
				1EE78C082511447600077DA7 /* code_cascade.mp4 */,
			);
			path = Movie;
			sourceTree = "<group>";
		};
/* End PBXGroup section */

/* Begin PBXNativeTarget section */
		1E18B661250DE08F005FD7AD /* ConvertNumbers */ = {
			isa = PBXNativeTarget;
			buildConfigurationList = 1E18B68C250DE093005FD7AD /* Build configuration list for PBXNativeTarget "ConvertNumbers" */;
			buildPhases = (
				1E18B65E250DE08F005FD7AD /* Sources */,
				1E18B65F250DE08F005FD7AD /* Frameworks */,
				1E18B660250DE08F005FD7AD /* Resources */,
			);
			buildRules = (
			);
			dependencies = (
			);
			name = ConvertNumbers;
			productName = ConvertNumbers;
			productReference = 1E18B662250DE08F005FD7AD /* ConvertNumbers.app */;
			productType = "com.apple.product-type.application";
		};
		1E18B677250DE093005FD7AD /* ConvertNumbersTests */ = {
			isa = PBXNativeTarget;
			buildConfigurationList = 1E18B68F250DE093005FD7AD /* Build configuration list for PBXNativeTarget "ConvertNumbersTests" */;
			buildPhases = (
				1E18B674250DE093005FD7AD /* Sources */,
				1E18B675250DE093005FD7AD /* Frameworks */,
				1E18B676250DE093005FD7AD /* Resources */,
			);
			buildRules = (
			);
			dependencies = (
				1E18B67A250DE093005FD7AD /* PBXTargetDependency */,
			);
			name = ConvertNumbersTests;
			productName = ConvertNumbersTests;
			productReference = 1E18B678250DE093005FD7AD /* ConvertNumbersTests.xctest */;
			productType = "com.apple.product-type.bundle.unit-test";
		};
		1E18B682250DE093005FD7AD /* ConvertNumbersUITests */ = {
			isa = PBXNativeTarget;
			buildConfigurationList = 1E18B692250DE093005FD7AD /* Build configuration list for PBXNativeTarget "ConvertNumbersUITests" */;
			buildPhases = (
				1E18B67F250DE093005FD7AD /* Sources */,
				1E18B680250DE093005FD7AD /* Frameworks */,
				1E18B681250DE093005FD7AD /* Resources */,
			);
			buildRules = (
			);
			dependencies = (
				1E18B685250DE093005FD7AD /* PBXTargetDependency */,
			);
			name = ConvertNumbersUITests;
			productName = ConvertNumbersUITests;
			productReference = 1E18B683250DE093005FD7AD /* ConvertNumbersUITests.xctest */;
			productType = "com.apple.product-type.bundle.ui-testing";
		};
/* End PBXNativeTarget section */

/* Begin PBXProject section */
		1E18B65A250DE08F005FD7AD /* Project object */ = {
			isa = PBXProject;
			attributes = {
				LastSwiftUpdateCheck = 1170;
				LastUpgradeCheck = 1170;
				ORGANIZATIONNAME = "杉原大貴";
				TargetAttributes = {
					1E18B661250DE08F005FD7AD = {
						CreatedOnToolsVersion = 11.7;
					};
					1E18B677250DE093005FD7AD = {
						CreatedOnToolsVersion = 11.7;
						TestTargetID = 1E18B661250DE08F005FD7AD;
					};
					1E18B682250DE093005FD7AD = {
						CreatedOnToolsVersion = 11.7;
						TestTargetID = 1E18B661250DE08F005FD7AD;
					};
				};
			};
			buildConfigurationList = 1E18B65D250DE08F005FD7AD /* Build configuration list for PBXProject "ConvertNumbers" */;
			compatibilityVersion = "Xcode 9.3";
			developmentRegion = en;
			hasScannedForEncodings = 0;
			knownRegions = (
				en,
				Base,
			);
			mainGroup = 1E18B659250DE08F005FD7AD;
			productRefGroup = 1E18B663250DE08F005FD7AD /* Products */;
			projectDirPath = "";
			projectRoot = "";
			targets = (
				1E18B661250DE08F005FD7AD /* ConvertNumbers */,
				1E18B677250DE093005FD7AD /* ConvertNumbersTests */,
				1E18B682250DE093005FD7AD /* ConvertNumbersUITests */,
			);
		};
/* End PBXProject section */

/* Begin PBXResourcesBuildPhase section */
		1E18B660250DE08F005FD7AD /* Resources */ = {
			isa = PBXResourcesBuildPhase;
			buildActionMask = 2147483647;
			files = (
				1E18B672250DE093005FD7AD /* LaunchScreen.storyboard in Resources */,
				1EE78C0F2511A6EA00077DA7 /* Wallpoet-Regular.ttf in Resources */,
				1E18B66F250DE093005FD7AD /* Assets.xcassets in Resources */,
				1E18B66D250DE08F005FD7AD /* Main.storyboard in Resources */,
				1EE78C092511447600077DA7 /* code_cascade.mp4 in Resources */,
				1EE78C072511445400077DA7 /* topMusic.mp3 in Resources */,
				1EE78C062511445400077DA7 /* gamingMusic.mp3 in Resources */,
			);
			runOnlyForDeploymentPostprocessing = 0;
		};
		1E18B676250DE093005FD7AD /* Resources */ = {
			isa = PBXResourcesBuildPhase;
			buildActionMask = 2147483647;
			files = (
			);
			runOnlyForDeploymentPostprocessing = 0;
		};
		1E18B681250DE093005FD7AD /* Resources */ = {
			isa = PBXResourcesBuildPhase;
			buildActionMask = 2147483647;
			files = (
			);
			runOnlyForDeploymentPostprocessing = 0;
		};
/* End PBXResourcesBuildPhase section */

/* Begin PBXSourcesBuildPhase section */
		1E18B65E250DE08F005FD7AD /* Sources */ = {
			isa = PBXSourcesBuildPhase;
			buildActionMask = 2147483647;
			files = (
				1E18B66A250DE08F005FD7AD /* TopPageController.swift in Sources */,
				1E18B6A4250EFAC3005FD7AD /* PlaySound.swift in Sources */,
				1E18B6AC250F5F7B005FD7AD /* QuizBrain.swift in Sources */,
				1EE78C0B251159B200077DA7 /* ViewUtility.swift in Sources */,
				1E18B6A8250F025E005FD7AD /* PlayMovie.swift in Sources */,
				1E18B6AA250F3518005FD7AD /* MenuViewController.swift in Sources */,
				1E18B666250DE08F005FD7AD /* AppDelegate.swift in Sources */,
				1E18B668250DE08F005FD7AD /* SceneDelegate.swift in Sources */,
				0A62A9332511D3A800424A09 /* ResultViewController.swift in Sources */,
			);
			runOnlyForDeploymentPostprocessing = 0;
		};
		1E18B674250DE093005FD7AD /* Sources */ = {
			isa = PBXSourcesBuildPhase;
			buildActionMask = 2147483647;
			files = (
				1E18B67D250DE093005FD7AD /* ConvertNumbersTests.swift in Sources */,
			);
			runOnlyForDeploymentPostprocessing = 0;
		};
		1E18B67F250DE093005FD7AD /* Sources */ = {
			isa = PBXSourcesBuildPhase;
			buildActionMask = 2147483647;
			files = (
				1E18B688250DE093005FD7AD /* ConvertNumbersUITests.swift in Sources */,
			);
			runOnlyForDeploymentPostprocessing = 0;
		};
/* End PBXSourcesBuildPhase section */

/* Begin PBXTargetDependency section */
		1E18B67A250DE093005FD7AD /* PBXTargetDependency */ = {
			isa = PBXTargetDependency;
			target = 1E18B661250DE08F005FD7AD /* ConvertNumbers */;
			targetProxy = 1E18B679250DE093005FD7AD /* PBXContainerItemProxy */;
		};
		1E18B685250DE093005FD7AD /* PBXTargetDependency */ = {
			isa = PBXTargetDependency;
			target = 1E18B661250DE08F005FD7AD /* ConvertNumbers */;
			targetProxy = 1E18B684250DE093005FD7AD /* PBXContainerItemProxy */;
		};
/* End PBXTargetDependency section */

/* Begin PBXVariantGroup section */
		1E18B66B250DE08F005FD7AD /* Main.storyboard */ = {
			isa = PBXVariantGroup;
			children = (
				1E18B66C250DE08F005FD7AD /* Base */,
			);
			name = Main.storyboard;
			sourceTree = "<group>";
		};
		1E18B670250DE093005FD7AD /* LaunchScreen.storyboard */ = {
			isa = PBXVariantGroup;
			children = (
				1E18B671250DE093005FD7AD /* Base */,
			);
			name = LaunchScreen.storyboard;
			sourceTree = "<group>";
		};
/* End PBXVariantGroup section */

/* Begin XCBuildConfiguration section */
		1E18B68A250DE093005FD7AD /* Debug */ = {
			isa = XCBuildConfiguration;
			buildSettings = {
				ALWAYS_SEARCH_USER_PATHS = NO;
				CLANG_ANALYZER_NONNULL = YES;
				CLANG_ANALYZER_NUMBER_OBJECT_CONVERSION = YES_AGGRESSIVE;
				CLANG_CXX_LANGUAGE_STANDARD = "gnu++14";
				CLANG_CXX_LIBRARY = "libc++";
				CLANG_ENABLE_MODULES = YES;
				CLANG_ENABLE_OBJC_ARC = YES;
				CLANG_ENABLE_OBJC_WEAK = YES;
				CLANG_WARN_BLOCK_CAPTURE_AUTORELEASING = YES;
				CLANG_WARN_BOOL_CONVERSION = YES;
				CLANG_WARN_COMMA = YES;
				CLANG_WARN_CONSTANT_CONVERSION = YES;
				CLANG_WARN_DEPRECATED_OBJC_IMPLEMENTATIONS = YES;
				CLANG_WARN_DIRECT_OBJC_ISA_USAGE = YES_ERROR;
				CLANG_WARN_DOCUMENTATION_COMMENTS = YES;
				CLANG_WARN_EMPTY_BODY = YES;
				CLANG_WARN_ENUM_CONVERSION = YES;
				CLANG_WARN_INFINITE_RECURSION = YES;
				CLANG_WARN_INT_CONVERSION = YES;
				CLANG_WARN_NON_LITERAL_NULL_CONVERSION = YES;
				CLANG_WARN_OBJC_IMPLICIT_RETAIN_SELF = YES;
				CLANG_WARN_OBJC_LITERAL_CONVERSION = YES;
				CLANG_WARN_OBJC_ROOT_CLASS = YES_ERROR;
				CLANG_WARN_RANGE_LOOP_ANALYSIS = YES;
				CLANG_WARN_STRICT_PROTOTYPES = YES;
				CLANG_WARN_SUSPICIOUS_MOVE = YES;
				CLANG_WARN_UNGUARDED_AVAILABILITY = YES_AGGRESSIVE;
				CLANG_WARN_UNREACHABLE_CODE = YES;
				CLANG_WARN__DUPLICATE_METHOD_MATCH = YES;
				COPY_PHASE_STRIP = NO;
				DEBUG_INFORMATION_FORMAT = dwarf;
				ENABLE_STRICT_OBJC_MSGSEND = YES;
				ENABLE_TESTABILITY = YES;
				GCC_C_LANGUAGE_STANDARD = gnu11;
				GCC_DYNAMIC_NO_PIC = NO;
				GCC_NO_COMMON_BLOCKS = YES;
				GCC_OPTIMIZATION_LEVEL = 0;
				GCC_PREPROCESSOR_DEFINITIONS = (
					"DEBUG=1",
					"$(inherited)",
				);
				GCC_WARN_64_TO_32_BIT_CONVERSION = YES;
				GCC_WARN_ABOUT_RETURN_TYPE = YES_ERROR;
				GCC_WARN_UNDECLARED_SELECTOR = YES;
				GCC_WARN_UNINITIALIZED_AUTOS = YES_AGGRESSIVE;
				GCC_WARN_UNUSED_FUNCTION = YES;
				GCC_WARN_UNUSED_VARIABLE = YES;
				IPHONEOS_DEPLOYMENT_TARGET = 13.7;
				MTL_ENABLE_DEBUG_INFO = INCLUDE_SOURCE;
				MTL_FAST_MATH = YES;
				ONLY_ACTIVE_ARCH = YES;
				SDKROOT = iphoneos;
				SWIFT_ACTIVE_COMPILATION_CONDITIONS = DEBUG;
				SWIFT_OPTIMIZATION_LEVEL = "-Onone";
			};
			name = Debug;
		};
		1E18B68B250DE093005FD7AD /* Release */ = {
			isa = XCBuildConfiguration;
			buildSettings = {
				ALWAYS_SEARCH_USER_PATHS = NO;
				CLANG_ANALYZER_NONNULL = YES;
				CLANG_ANALYZER_NUMBER_OBJECT_CONVERSION = YES_AGGRESSIVE;
				CLANG_CXX_LANGUAGE_STANDARD = "gnu++14";
				CLANG_CXX_LIBRARY = "libc++";
				CLANG_ENABLE_MODULES = YES;
				CLANG_ENABLE_OBJC_ARC = YES;
				CLANG_ENABLE_OBJC_WEAK = YES;
				CLANG_WARN_BLOCK_CAPTURE_AUTORELEASING = YES;
				CLANG_WARN_BOOL_CONVERSION = YES;
				CLANG_WARN_COMMA = YES;
				CLANG_WARN_CONSTANT_CONVERSION = YES;
				CLANG_WARN_DEPRECATED_OBJC_IMPLEMENTATIONS = YES;
				CLANG_WARN_DIRECT_OBJC_ISA_USAGE = YES_ERROR;
				CLANG_WARN_DOCUMENTATION_COMMENTS = YES;
				CLANG_WARN_EMPTY_BODY = YES;
				CLANG_WARN_ENUM_CONVERSION = YES;
				CLANG_WARN_INFINITE_RECURSION = YES;
				CLANG_WARN_INT_CONVERSION = YES;
				CLANG_WARN_NON_LITERAL_NULL_CONVERSION = YES;
				CLANG_WARN_OBJC_IMPLICIT_RETAIN_SELF = YES;
				CLANG_WARN_OBJC_LITERAL_CONVERSION = YES;
				CLANG_WARN_OBJC_ROOT_CLASS = YES_ERROR;
				CLANG_WARN_RANGE_LOOP_ANALYSIS = YES;
				CLANG_WARN_STRICT_PROTOTYPES = YES;
				CLANG_WARN_SUSPICIOUS_MOVE = YES;
				CLANG_WARN_UNGUARDED_AVAILABILITY = YES_AGGRESSIVE;
				CLANG_WARN_UNREACHABLE_CODE = YES;
				CLANG_WARN__DUPLICATE_METHOD_MATCH = YES;
				COPY_PHASE_STRIP = NO;
				DEBUG_INFORMATION_FORMAT = "dwarf-with-dsym";
				ENABLE_NS_ASSERTIONS = NO;
				ENABLE_STRICT_OBJC_MSGSEND = YES;
				GCC_C_LANGUAGE_STANDARD = gnu11;
				GCC_NO_COMMON_BLOCKS = YES;
				GCC_WARN_64_TO_32_BIT_CONVERSION = YES;
				GCC_WARN_ABOUT_RETURN_TYPE = YES_ERROR;
				GCC_WARN_UNDECLARED_SELECTOR = YES;
				GCC_WARN_UNINITIALIZED_AUTOS = YES_AGGRESSIVE;
				GCC_WARN_UNUSED_FUNCTION = YES;
				GCC_WARN_UNUSED_VARIABLE = YES;
				IPHONEOS_DEPLOYMENT_TARGET = 13.7;
				MTL_ENABLE_DEBUG_INFO = NO;
				MTL_FAST_MATH = YES;
				SDKROOT = iphoneos;
				SWIFT_COMPILATION_MODE = wholemodule;
				SWIFT_OPTIMIZATION_LEVEL = "-O";
				VALIDATE_PRODUCT = YES;
			};
			name = Release;
		};
		1E18B68D250DE093005FD7AD /* Debug */ = {
			isa = XCBuildConfiguration;
			buildSettings = {
				ASSETCATALOG_COMPILER_APPICON_NAME = AppIcon;
				CODE_SIGN_STYLE = Automatic;
				INFOPLIST_FILE = ConvertNumbers/Info.plist;
				LD_RUNPATH_SEARCH_PATHS = (
					"$(inherited)",
					"@executable_path/Frameworks",
				);
				PRODUCT_BUNDLE_IDENTIFIER = DaikiSugihara.ConvertNumbers;
				PRODUCT_NAME = "$(TARGET_NAME)";
				SWIFT_VERSION = 5.0;
				TARGETED_DEVICE_FAMILY = "1,2";
			};
			name = Debug;
		};
		1E18B68E250DE093005FD7AD /* Release */ = {
			isa = XCBuildConfiguration;
			buildSettings = {
				ASSETCATALOG_COMPILER_APPICON_NAME = AppIcon;
				CODE_SIGN_STYLE = Automatic;
				INFOPLIST_FILE = ConvertNumbers/Info.plist;
				LD_RUNPATH_SEARCH_PATHS = (
					"$(inherited)",
					"@executable_path/Frameworks",
				);
				PRODUCT_BUNDLE_IDENTIFIER = DaikiSugihara.ConvertNumbers;
				PRODUCT_NAME = "$(TARGET_NAME)";
				SWIFT_VERSION = 5.0;
				TARGETED_DEVICE_FAMILY = "1,2";
			};
			name = Release;
		};
		1E18B690250DE093005FD7AD /* Debug */ = {
			isa = XCBuildConfiguration;
			buildSettings = {
				ALWAYS_EMBED_SWIFT_STANDARD_LIBRARIES = YES;
				BUNDLE_LOADER = "$(TEST_HOST)";
				CODE_SIGN_STYLE = Automatic;
				INFOPLIST_FILE = ConvertNumbersTests/Info.plist;
				IPHONEOS_DEPLOYMENT_TARGET = 13.7;
				LD_RUNPATH_SEARCH_PATHS = (
					"$(inherited)",
					"@executable_path/Frameworks",
					"@loader_path/Frameworks",
				);
				PRODUCT_BUNDLE_IDENTIFIER = DaikiSugihara.ConvertNumbersTests;
				PRODUCT_NAME = "$(TARGET_NAME)";
				SWIFT_VERSION = 5.0;
				TARGETED_DEVICE_FAMILY = "1,2";
				TEST_HOST = "$(BUILT_PRODUCTS_DIR)/ConvertNumbers.app/ConvertNumbers";
			};
			name = Debug;
		};
		1E18B691250DE093005FD7AD /* Release */ = {
			isa = XCBuildConfiguration;
			buildSettings = {
				ALWAYS_EMBED_SWIFT_STANDARD_LIBRARIES = YES;
				BUNDLE_LOADER = "$(TEST_HOST)";
				CODE_SIGN_STYLE = Automatic;
				INFOPLIST_FILE = ConvertNumbersTests/Info.plist;
				IPHONEOS_DEPLOYMENT_TARGET = 13.7;
				LD_RUNPATH_SEARCH_PATHS = (
					"$(inherited)",
					"@executable_path/Frameworks",
					"@loader_path/Frameworks",
				);
				PRODUCT_BUNDLE_IDENTIFIER = DaikiSugihara.ConvertNumbersTests;
				PRODUCT_NAME = "$(TARGET_NAME)";
				SWIFT_VERSION = 5.0;
				TARGETED_DEVICE_FAMILY = "1,2";
				TEST_HOST = "$(BUILT_PRODUCTS_DIR)/ConvertNumbers.app/ConvertNumbers";
			};
			name = Release;
		};
		1E18B693250DE093005FD7AD /* Debug */ = {
			isa = XCBuildConfiguration;
			buildSettings = {
				ALWAYS_EMBED_SWIFT_STANDARD_LIBRARIES = YES;
				CODE_SIGN_STYLE = Automatic;
				INFOPLIST_FILE = ConvertNumbersUITests/Info.plist;
				LD_RUNPATH_SEARCH_PATHS = (
					"$(inherited)",
					"@executable_path/Frameworks",
					"@loader_path/Frameworks",
				);
				PRODUCT_BUNDLE_IDENTIFIER = DaikiSugihara.ConvertNumbersUITests;
				PRODUCT_NAME = "$(TARGET_NAME)";
				SWIFT_VERSION = 5.0;
				TARGETED_DEVICE_FAMILY = "1,2";
				TEST_TARGET_NAME = ConvertNumbers;
			};
			name = Debug;
		};
		1E18B694250DE093005FD7AD /* Release */ = {
			isa = XCBuildConfiguration;
			buildSettings = {
				ALWAYS_EMBED_SWIFT_STANDARD_LIBRARIES = YES;
				CODE_SIGN_STYLE = Automatic;
				INFOPLIST_FILE = ConvertNumbersUITests/Info.plist;
				LD_RUNPATH_SEARCH_PATHS = (
					"$(inherited)",
					"@executable_path/Frameworks",
					"@loader_path/Frameworks",
				);
				PRODUCT_BUNDLE_IDENTIFIER = DaikiSugihara.ConvertNumbersUITests;
				PRODUCT_NAME = "$(TARGET_NAME)";
				SWIFT_VERSION = 5.0;
				TARGETED_DEVICE_FAMILY = "1,2";
				TEST_TARGET_NAME = ConvertNumbers;
			};
			name = Release;
		};
/* End XCBuildConfiguration section */

/* Begin XCConfigurationList section */
		1E18B65D250DE08F005FD7AD /* Build configuration list for PBXProject "ConvertNumbers" */ = {
			isa = XCConfigurationList;
			buildConfigurations = (
				1E18B68A250DE093005FD7AD /* Debug */,
				1E18B68B250DE093005FD7AD /* Release */,
			);
			defaultConfigurationIsVisible = 0;
			defaultConfigurationName = Release;
		};
		1E18B68C250DE093005FD7AD /* Build configuration list for PBXNativeTarget "ConvertNumbers" */ = {
			isa = XCConfigurationList;
			buildConfigurations = (
				1E18B68D250DE093005FD7AD /* Debug */,
				1E18B68E250DE093005FD7AD /* Release */,
			);
			defaultConfigurationIsVisible = 0;
			defaultConfigurationName = Release;
		};
		1E18B68F250DE093005FD7AD /* Build configuration list for PBXNativeTarget "ConvertNumbersTests" */ = {
			isa = XCConfigurationList;
			buildConfigurations = (
				1E18B690250DE093005FD7AD /* Debug */,
				1E18B691250DE093005FD7AD /* Release */,
			);
			defaultConfigurationIsVisible = 0;
			defaultConfigurationName = Release;
		};
		1E18B692250DE093005FD7AD /* Build configuration list for PBXNativeTarget "ConvertNumbersUITests" */ = {
			isa = XCConfigurationList;
			buildConfigurations = (
				1E18B693250DE093005FD7AD /* Debug */,
				1E18B694250DE093005FD7AD /* Release */,
			);
			defaultConfigurationIsVisible = 0;
			defaultConfigurationName = Release;
		};
/* End XCConfigurationList section */
	};
	rootObject = 1E18B65A250DE08F005FD7AD /* Project object */;
}
